
Microsoft Visual Studio Solution File, Format Version 12.00
# Visual Studio 14
VisualStudioVersion = 14.0.25420.1
MinimumVisualStudioVersion = 10.0.40219.1
Project("{FAE04EC0-301F-11D3-BF4B-00C04F79EFBC}") = "HandsOn.UI", "HandsOn\HandsOn.UI.csproj", "{6668C20E-86DA-4C11-940A-244068B2BEF5}"
EndProject
Project("{FAE04EC0-301F-11D3-BF4B-00C04F79EFBC}") = "HandsOn.Tests", "HandsOn.Tests\HandsOn.Tests.csproj", "{2E09CF73-1567-435D-8DE2-31C565AD64D8}"
EndProject
Project("{FAE04EC0-301F-11D3-BF4B-00C04F79EFBC}") = "HandsOn.DataAccess", "HandsOn.DataAccess\HandsOn.DataAccess.csproj", "{B6B0A9A3-46FA-4B76-821C-1C0F5D070D80}"
EndProject
Project("{FAE04EC0-301F-11D3-BF4B-00C04F79EFBC}") = "HandsOn.Model", "HandsOn.Model\HandsOn.Model.csproj", "{55CB9728-987E-4C38-8F46-A4999A47548A}"
EndProject
Project("{FAE04EC0-301F-11D3-BF4B-00C04F79EFBC}") = "HandsOn.Business", "HandsOn.Business\HandsOn.Business.csproj", "{EAF51799-3146-466D-8984-F3E2A3E63692}"
EndProject
Global
	GlobalSection(SolutionConfigurationPlatforms) = preSolution
		Debug|Any CPU = Debug|Any CPU
		Release|Any CPU = Release|Any CPU
	EndGlobalSection
	GlobalSection(ProjectConfigurationPlatforms) = postSolution
		{6668C20E-86DA-4C11-940A-244068B2BEF5}.Debug|Any CPU.ActiveCfg = Debug|Any CPU
		{6668C20E-86DA-4C11-940A-244068B2BEF5}.Debug|Any CPU.Build.0 = Debug|Any CPU
		{6668C20E-86DA-4C11-940A-244068B2BEF5}.Release|Any CPU.ActiveCfg = Release|Any CPU
		{6668C20E-86DA-4C11-940A-244068B2BEF5}.Release|Any CPU.Build.0 = Release|Any CPU
		{2E09CF73-1567-435D-8DE2-31C565AD64D8}.Debug|Any CPU.ActiveCfg = Debug|Any CPU
		{2E09CF73-1567-435D-8DE2-31C565AD64D8}.Debug|Any CPU.Build.0 = Debug|Any CPU
		{2E09CF73-1567-435D-8DE2-31C565AD64D8}.Release|Any CPU.ActiveCfg = Release|Any CPU
		{2E09CF73-1567-435D-8DE2-31C565AD64D8}.Release|Any CPU.Build.0 = Release|Any CPU
		{B6B0A9A3-46FA-4B76-821C-1C0F5D070D80}.Debug|Any CPU.ActiveCfg = Debug|Any CPU
		{B6B0A9A3-46FA-4B76-821C-1C0F5D070D80}.Debug|Any CPU.Build.0 = Debug|Any CPU
		{B6B0A9A3-46FA-4B76-821C-1C0F5D070D80}.Release|Any CPU.ActiveCfg = Release|Any CPU
		{B6B0A9A3-46FA-4B76-821C-1C0F5D070D80}.Release|Any CPU.Build.0 = Release|Any CPU
		{55CB9728-987E-4C38-8F46-A4999A47548A}.Debug|Any CPU.ActiveCfg = Debug|Any CPU
		{55CB9728-987E-4C38-8F46-A4999A47548A}.Debug|Any CPU.Build.0 = Debug|Any CPU
		{55CB9728-987E-4C38-8F46-A4999A47548A}.Release|Any CPU.ActiveCfg = Release|Any CPU
		{55CB9728-987E-4C38-8F46-A4999A47548A}.Release|Any CPU.Build.0 = Release|Any CPU
		{EAF51799-3146-466D-8984-F3E2A3E63692}.Debug|Any CPU.ActiveCfg = Debug|Any CPU
		{EAF51799-3146-466D-8984-F3E2A3E63692}.Debug|Any CPU.Build.0 = Debug|Any CPU
		{EAF51799-3146-466D-8984-F3E2A3E63692}.Release|Any CPU.ActiveCfg = Release|Any CPU
		{EAF51799-3146-466D-8984-F3E2A3E63692}.Release|Any CPU.Build.0 = Release|Any CPU
	EndGlobalSection
	GlobalSection(SolutionProperties) = preSolution
		HideSolutionNode = FALSE
	EndGlobalSection
EndGlobal
